<?xml version="1.0" encoding="utf-8"?>
<Project ToolsVersion="4.0" xmlns="http://schemas.microsoft.com/developer/msbuild/2003">
  <ItemGroup>
    <Filter Include="Source Files">
      <UniqueIdentifier>{4FC737F1-C7A5-4376-A066-2A32D752A2FF}</UniqueIdentifier>
      <Extensions>cpp;c;cc;cxx;c++;cppm;ixx;def;odl;idl;hpj;bat;asm;asmx</Extensions>
    </Filter>
    <Filter Include="Header Files">
      <UniqueIdentifier>{93995380-89BD-4b04-88EB-625FBE52EBFB}</UniqueIdentifier>
      <Extensions>h;hh;hpp;hxx;h++;hm;inl;inc;ipp;xsd</Extensions>
    </Filter>
    <Filter Include="Resource Files">
      <UniqueIdentifier>{67DA6AB6-F800-4c08-8B7A-83BB121AAD01}</UniqueIdentifier>
      <Extensions>rc;ico;cur;bmp;dlg;rc2;rct;bin;rgs;gif;jpg;jpeg;jpe;resx;tiff;tif;png;wav;mfcribbon-ms</Extensions>
    </Filter>
    <Filter Include="reader">
      <UniqueIdentifier>{e2642539-92f0-43dd-97f0-0effae086f76}</UniqueIdentifier>
    </Filter>
    <Filter Include="CheckIfPrintStatemnt">
      <UniqueIdentifier>{187f8426-c430-498a-8088-7a7f6db4e9e2}</UniqueIdentifier>
    </Filter>
    <Filter Include="NewFilter1">
      <UniqueIdentifier>{be7e6c3b-85a5-4eb6-b00a-96485cf0c12c}</UniqueIdentifier>
    </Filter>
    <Filter Include="CommentCheck">
      <UniqueIdentifier>{c1c0a5fe-3b42-4267-bad9-b1c0388686b1}</UniqueIdentifier>
    </Filter>
  </ItemGroup>
  <ItemGroup>
    <ClCompile Include="cpp-py.cpp">
      <Filter>Source Files</Filter>
    </ClCompile>
    <ClCompile Include="reader.cpp">
      <Filter>reader</Filter>
    </ClCompile>
    <ClCompile Include="checkIfPrintStatement.cpp">
      <Filter>CheckIfPrintStatemnt</Filter>
    </ClCompile>
    <ClCompile Include="CommentCheck.cpp">
      <Filter>CommentCheck</Filter>
    </ClCompile>
  </ItemGroup>
  <ItemGroup>
    <ClInclude Include="reader.h">
      <Filter>reader</Filter>
    </ClInclude>
    <ClInclude Include="checkIfPrintStatement.h">
      <Filter>CheckIfPrintStatemnt</Filter>
    </ClInclude>
    <ClInclude Include="CommentCheck.h">
      <Filter>CommentCheck</Filter>
    </ClInclude>
  </ItemGroup>
</Project>